// !$*UTF8*$!
{
	archiveVersion = 1;
	classes = {
	};
	objectVersion = 55;
	objects = {

/* Begin PBXBuildFile section */
		A1C0D875289ABB1700DB7B34 /* pokemonApp.swift in Sources */ = {isa = PBXBuildFile; fileRef = A1C0D874289ABB1700DB7B34 /* pokemonApp.swift */; };
		A1C0D877289ABB1700DB7B34 /* ContentView.swift in Sources */ = {isa = PBXBuildFile; fileRef = A1C0D876289ABB1700DB7B34 /* ContentView.swift */; };
		A1C0D879289ABB1900DB7B34 /* Assets.xcassets in Resources */ = {isa = PBXBuildFile; fileRef = A1C0D878289ABB1900DB7B34 /* Assets.xcassets */; };
		A1C0D87C289ABB1900DB7B34 /* Preview Assets.xcassets in Resources */ = {isa = PBXBuildFile; fileRef = A1C0D87B289ABB1900DB7B34 /* Preview Assets.xcassets */; };
		A1C0D886289ABB1A00DB7B34 /* pokemonTests.swift in Sources */ = {isa = PBXBuildFile; fileRef = A1C0D885289ABB1A00DB7B34 /* pokemonTests.swift */; };
		A1C0D890289ABB1A00DB7B34 /* pokemonUITests.swift in Sources */ = {isa = PBXBuildFile; fileRef = A1C0D88F289ABB1A00DB7B34 /* pokemonUITests.swift */; };
		A1C0D892289ABB1A00DB7B34 /* pokemonUITestsLaunchTests.swift in Sources */ = {isa = PBXBuildFile; fileRef = A1C0D891289ABB1A00DB7B34 /* pokemonUITestsLaunchTests.swift */; };
/* End PBXBuildFile section */

/* Begin PBXContainerItemProxy section */
		A1C0D882289ABB1A00DB7B34 /* PBXContainerItemProxy */ = {
			isa = PBXContainerItemProxy;
			containerPortal = A1C0D869289ABB1700DB7B34 /* Project object */;
			proxyType = 1;
			remoteGlobalIDString = A1C0D870289ABB1700DB7B34;
			remoteInfo = pokemon;
		};
		A1C0D88C289ABB1A00DB7B34 /* PBXContainerItemProxy */ = {
			isa = PBXContainerItemProxy;
			containerPortal = A1C0D869289ABB1700DB7B34 /* Project object */;
			proxyType = 1;
			remoteGlobalIDString = A1C0D870289ABB1700DB7B34;
			remoteInfo = pokemon;
		};
/* End PBXContainerItemProxy section */

/* Begin PBXFileReference section */
		A1C0D871289ABB1700DB7B34 /* pokemon.app */ = {isa = PBXFileReference; explicitFileType = wrapper.application; includeInIndex = 0; path = pokemon.app; sourceTree = BUILT_PRODUCTS_DIR; };
		A1C0D874289ABB1700DB7B34 /* pokemonApp.swift */ = {isa = PBXFileReference; lastKnownFileType = sourcecode.swift; path = pokemonApp.swift; sourceTree = "<group>"; };
		A1C0D876289ABB1700DB7B34 /* ContentView.swift */ = {isa = PBXFileReference; lastKnownFileType = sourcecode.swift; path = ContentView.swift; sourceTree = "<group>"; };
		A1C0D878289ABB1900DB7B34 /* Assets.xcassets */ = {isa = PBXFileReference; lastKnownFileType = folder.assetcatalog; path = Assets.xcassets; sourceTree = "<group>"; };
		A1C0D87B289ABB1900DB7B34 /* Preview Assets.xcassets */ = {isa = PBXFileReference; lastKnownFileType = folder.assetcatalog; path = "Preview Assets.xcassets"; sourceTree = "<group>"; };
		A1C0D881289ABB1A00DB7B34 /* pokemonTests.xctest */ = {isa = PBXFileReference; explicitFileType = wrapper.cfbundle; includeInIndex = 0; path = pokemonTests.xctest; sourceTree = BUILT_PRODUCTS_DIR; };
		A1C0D885289ABB1A00DB7B34 /* pokemonTests.swift */ = {isa = PBXFileReference; lastKnownFileType = sourcecode.swift; path = pokemonTests.swift; sourceTree = "<group>"; };
		A1C0D88B289ABB1A00DB7B34 /* pokemonUITests.xctest */ = {isa = PBXFileReference; explicitFileType = wrapper.cfbundle; includeInIndex = 0; path = pokemonUITests.xctest; sourceTree = BUILT_PRODUCTS_DIR; };
		A1C0D88F289ABB1A00DB7B34 /* pokemonUITests.swift */ = {isa = PBXFileReference; lastKnownFileType = sourcecode.swift; path = pokemonUITests.swift; sourceTree = "<group>"; };
		A1C0D891289ABB1A00DB7B34 /* pokemonUITestsLaunchTests.swift */ = {isa = PBXFileReference; lastKnownFileType = sourcecode.swift; path = pokemonUITestsLaunchTests.swift; sourceTree = "<group>"; };
/* End PBXFileReference section */

/* Begin PBXFrameworksBuildPhase section */
		A1C0D86E289ABB1700DB7B34 /* Frameworks */ = {
			isa = PBXFrameworksBuildPhase;
			buildActionMask = 2147483647;
			files = (
			);
			runOnlyForDeploymentPostprocessing = 0;
		};
		A1C0D87E289ABB1A00DB7B34 /* Frameworks */ = {
			isa = PBXFrameworksBuildPhase;
			buildActionMask = 2147483647;
			files = (
			);
			runOnlyForDeploymentPostprocessing = 0;
		};
		A1C0D888289ABB1A00DB7B34 /* Frameworks */ = {
			isa = PBXFrameworksBuildPhase;
			buildActionMask = 2147483647;
			files = (
			);
			runOnlyForDeploymentPostprocessing = 0;
		};
/* End PBXFrameworksBuildPhase section */

/* Begin PBXGroup section */
		A1C0D868289ABB1700DB7B34 = {
			isa = PBXGroup;
			children = (
				A1C0D873289ABB1700DB7B34 /* pokemon */,
				A1C0D884289ABB1A00DB7B34 /* pokemonTests */,
				A1C0D88E289ABB1A00DB7B34 /* pokemonUITests */,
				A1C0D872289ABB1700DB7B34 /* Products */,
			);
			sourceTree = "<group>";
		};
		A1C0D872289ABB1700DB7B34 /* Products */ = {
			isa = PBXGroup;
			children = (
				A1C0D871289ABB1700DB7B34 /* pokemon.app */,
				A1C0D881289ABB1A00DB7B34 /* pokemonTests.xctest */,
				A1C0D88B289ABB1A00DB7B34 /* pokemonUITests.xctest */,
			);
			name = Products;
			sourceTree = "<group>";
		};
		A1C0D873289ABB1700DB7B34 /* pokemon */ = {
			isa = PBXGroup;
			children = (
				A1C0D874289ABB1700DB7B34 /* pokemonApp.swift */,
				A1C0D876289ABB1700DB7B34 /* ContentView.swift */,
				A1C0D878289ABB1900DB7B34 /* Assets.xcassets */,
				A1C0D87A289ABB1900DB7B34 /* Preview Content */,
			);
			path = pokemon;
			sourceTree = "<group>";
		};
		A1C0D87A289ABB1900DB7B34 /* Preview Content */ = {
			isa = PBXGroup;
			children = (
				A1C0D87B289ABB1900DB7B34 /* Preview Assets.xcassets */,
			);
			path = "Preview Content";
			sourceTree = "<group>";
		};
		A1C0D884289ABB1A00DB7B34 /* pokemonTests */ = {
			isa = PBXGroup;
			children = (
				A1C0D885289ABB1A00DB7B34 /* pokemonTests.swift */,
			);
			path = pokemonTests;
			sourceTree = "<group>";
		};
		A1C0D88E289ABB1A00DB7B34 /* pokemonUITests */ = {
			isa = PBXGroup;
			children = (
				A1C0D88F289ABB1A00DB7B34 /* pokemonUITests.swift */,
				A1C0D891289ABB1A00DB7B34 /* pokemonUITestsLaunchTests.swift */,
			);
			path = pokemonUITests;
			sourceTree = "<group>";
		};
/* End PBXGroup section */

/* Begin PBXNativeTarget section */
		A1C0D870289ABB1700DB7B34 /* pokemon */ = {
			isa = PBXNativeTarget;
			buildConfigurationList = A1C0D895289ABB1A00DB7B34 /* Build configuration list for PBXNativeTarget "pokemon" */;
			buildPhases = (
				A1C0D86D289ABB1700DB7B34 /* Sources */,
				A1C0D86E289ABB1700DB7B34 /* Frameworks */,
				A1C0D86F289ABB1700DB7B34 /* Resources */,
			);
			buildRules = (
			);
			dependencies = (
			);
			name = pokemon;
			productName = pokemon;
			productReference = A1C0D871289ABB1700DB7B34 /* pokemon.app */;
			productType = "com.apple.product-type.application";
		};
		A1C0D880289ABB1A00DB7B34 /* pokemonTests */ = {
			isa = PBXNativeTarget;
			buildConfigurationList = A1C0D898289ABB1A00DB7B34 /* Build configuration list for PBXNativeTarget "pokemonTests" */;
			buildPhases = (
				A1C0D87D289ABB1A00DB7B34 /* Sources */,
				A1C0D87E289ABB1A00DB7B34 /* Frameworks */,
				A1C0D87F289ABB1A00DB7B34 /* Resources */,
			);
			buildRules = (
			);
			dependencies = (
				A1C0D883289ABB1A00DB7B34 /* PBXTargetDependency */,
			);
			name = pokemonTests;
			productName = pokemonTests;
			productReference = A1C0D881289ABB1A00DB7B34 /* pokemonTests.xctest */;
			productType = "com.apple.product-type.bundle.unit-test";
		};
		A1C0D88A289ABB1A00DB7B34 /* pokemonUITests */ = {
			isa = PBXNativeTarget;
			buildConfigurationList = A1C0D89B289ABB1A00DB7B34 /* Build configuration list for PBXNativeTarget "pokemonUITests" */;
			buildPhases = (
				A1C0D887289ABB1A00DB7B34 /* Sources */,
				A1C0D888289ABB1A00DB7B34 /* Frameworks */,
				A1C0D889289ABB1A00DB7B34 /* Resources */,
			);
			buildRules = (
			);
			dependencies = (
				A1C0D88D289ABB1A00DB7B34 /* PBXTargetDependency */,
			);
			name = pokemonUITests;
			productName = pokemonUITests;
			productReference = A1C0D88B289ABB1A00DB7B34 /* pokemonUITests.xctest */;
			productType = "com.apple.product-type.bundle.ui-testing";
		};
/* End PBXNativeTarget section */

/* Begin PBXProject section */
		A1C0D869289ABB1700DB7B34 /* Project object */ = {
			isa = PBXProject;
			attributes = {
				BuildIndependentTargetsInParallel = 1;
				LastSwiftUpdateCheck = 1340;
				LastUpgradeCheck = 1340;
				TargetAttributes = {
					A1C0D870289ABB1700DB7B34 = {
						CreatedOnToolsVersion = 13.4.1;
					};
					A1C0D880289ABB1A00DB7B34 = {
						CreatedOnToolsVersion = 13.4.1;
						TestTargetID = A1C0D870289ABB1700DB7B34;
					};
					A1C0D88A289ABB1A00DB7B34 = {
						CreatedOnToolsVersion = 13.4.1;
						TestTargetID = A1C0D870289ABB1700DB7B34;
					};
				};
			};
			buildConfigurationList = A1C0D86C289ABB1700DB7B34 /* Build configuration list for PBXProject "pokemon" */;
			compatibilityVersion = "Xcode 13.0";
			developmentRegion = en;
			hasScannedForEncodings = 0;
			knownRegions = (
				en,
				Base,
			);
			mainGroup = A1C0D868289ABB1700DB7B34;
			productRefGroup = A1C0D872289ABB1700DB7B34 /* Products */;
			projectDirPath = "";
			projectRoot = "";
			targets = (
				A1C0D870289ABB1700DB7B34 /* pokemon */,
				A1C0D880289ABB1A00DB7B34 /* pokemonTests */,
				A1C0D88A289ABB1A00DB7B34 /* pokemonUITests */,
			);
		};
/* End PBXProject section */

/* Begin PBXResourcesBuildPhase section */
		A1C0D86F289ABB1700DB7B34 /* Resources */ = {
			isa = PBXResourcesBuildPhase;
			buildActionMask = 2147483647;
			files = (
				A1C0D87C289ABB1900DB7B34 /* Preview Assets.xcassets in Resources */,
				A1C0D879289ABB1900DB7B34 /* Assets.xcassets in Resources */,
			);
			runOnlyForDeploymentPostprocessing = 0;
		};
		A1C0D87F289ABB1A00DB7B34 /* Resources */ = {
			isa = PBXResourcesBuildPhase;
			buildActionMask = 2147483647;
			files = (
			);
			runOnlyForDeploymentPostprocessing = 0;
		};
		A1C0D889289ABB1A00DB7B34 /* Resources */ = {
			isa = PBXResourcesBuildPhase;
			buildActionMask = 2147483647;
			files = (
			);
			runOnlyForDeploymentPostprocessing = 0;
		};
/* End PBXResourcesBuildPhase section */

/* Begin PBXSourcesBuildPhase section */
		A1C0D86D289ABB1700DB7B34 /* Sources */ = {
			isa = PBXSourcesBuildPhase;
			buildActionMask = 2147483647;
			files = (
				A1C0D877289ABB1700DB7B34 /* ContentView.swift in Sources */,
				A1C0D875289ABB1700DB7B34 /* pokemonApp.swift in Sources */,
			);
			runOnlyForDeploymentPostprocessing = 0;
		};
		A1C0D87D289ABB1A00DB7B34 /* Sources */ = {
			isa = PBXSourcesBuildPhase;
			buildActionMask = 2147483647;
			files = (
				A1C0D886289ABB1A00DB7B34 /* pokemonTests.swift in Sources */,
			);
			runOnlyForDeploymentPostprocessing = 0;
		};
		A1C0D887289ABB1A00DB7B34 /* Sources */ = {
			isa = PBXSourcesBuildPhase;
			buildActionMask = 2147483647;
			files = (
				A1C0D892289ABB1A00DB7B34 /* pokemonUITestsLaunchTests.swift in Sources */,
				A1C0D890289ABB1A00DB7B34 /* pokemonUITests.swift in Sources */,
			);
			runOnlyForDeploymentPostprocessing = 0;
		};
/* End PBXSourcesBuildPhase section */

/* Begin PBXTargetDependency section */
		A1C0D883289ABB1A00DB7B34 /* PBXTargetDependency */ = {
			isa = PBXTargetDependency;
			target = A1C0D870289ABB1700DB7B34 /* pokemon */;
			targetProxy = A1C0D882289ABB1A00DB7B34 /* PBXContainerItemProxy */;
		};
		A1C0D88D289ABB1A00DB7B34 /* PBXTargetDependency */ = {
			isa = PBXTargetDependency;
			target = A1C0D870289ABB1700DB7B34 /* pokemon */;
			targetProxy = A1C0D88C289ABB1A00DB7B34 /* PBXContainerItemProxy */;
		};
/* End PBXTargetDependency section */

/* Begin XCBuildConfiguration section */
		A1C0D893289ABB1A00DB7B34 /* Debug */ = {
			isa = XCBuildConfiguration;
			buildSettings = {
				ALWAYS_SEARCH_USER_PATHS = NO;
				CLANG_ANALYZER_NONNULL = YES;
				CLANG_ANALYZER_NUMBER_OBJECT_CONVERSION = YES_AGGRESSIVE;
				CLANG_CXX_LANGUAGE_STANDARD = "gnu++17";
				CLANG_ENABLE_MODULES = YES;
				CLANG_ENABLE_OBJC_ARC = YES;
				CLANG_ENABLE_OBJC_WEAK = YES;
				CLANG_WARN_BLOCK_CAPTURE_AUTORELEASING = YES;
				CLANG_WARN_BOOL_CONVERSION = YES;
				CLANG_WARN_COMMA = YES;
				CLANG_WARN_CONSTANT_CONVERSION = YES;
				CLANG_WARN_DEPRECATED_OBJC_IMPLEMENTATIONS = YES;
				CLANG_WARN_DIRECT_OBJC_ISA_USAGE = YES_ERROR;
				CLANG_WARN_DOCUMENTATION_COMMENTS = YES;
				CLANG_WARN_EMPTY_BODY = YES;
				CLANG_WARN_ENUM_CONVERSION = YES;
				CLANG_WARN_INFINITE_RECURSION = YES;
				CLANG_WARN_INT_CONVERSION = YES;
				CLANG_WARN_NON_LITERAL_NULL_CONVERSION = YES;
				CLANG_WARN_OBJC_IMPLICIT_RETAIN_SELF = YES;
				CLANG_WARN_OBJC_LITERAL_CONVERSION = YES;
				CLANG_WARN_OBJC_ROOT_CLASS = YES_ERROR;
				CLANG_WARN_QUOTED_INCLUDE_IN_FRAMEWORK_HEADER = YES;
				CLANG_WARN_RANGE_LOOP_ANALYSIS = YES;
				CLANG_WARN_STRICT_PROTOTYPES = YES;
				CLANG_WARN_SUSPICIOUS_MOVE = YES;
				CLANG_WARN_UNGUARDED_AVAILABILITY = YES_AGGRESSIVE;
				CLANG_WARN_UNREACHABLE_CODE = YES;
				CLANG_WARN__DUPLICATE_METHOD_MATCH = YES;
				COPY_PHASE_STRIP = NO;
				DEBUG_INFORMATION_FORMAT = dwarf;
				ENABLE_STRICT_OBJC_MSGSEND = YES;
				ENABLE_TESTABILITY = YES;
				GCC_C_LANGUAGE_STANDARD = gnu11;
				GCC_DYNAMIC_NO_PIC = NO;
				GCC_NO_COMMON_BLOCKS = YES;
				GCC_OPTIMIZATION_LEVEL = 0;
				GCC_PREPROCESSOR_DEFINITIONS = (
					"DEBUG=1",
					"$(inherited)",
				);
				GCC_WARN_64_TO_32_BIT_CONVERSION = YES;
				GCC_WARN_ABOUT_RETURN_TYPE = YES_ERROR;
				GCC_WARN_UNDECLARED_SELECTOR = YES;
				GCC_WARN_UNINITIALIZED_AUTOS = YES_AGGRESSIVE;
				GCC_WARN_UNUSED_FUNCTION = YES;
				GCC_WARN_UNUSED_VARIABLE = YES;
				IPHONEOS_DEPLOYMENT_TARGET = 15.5;
				MTL_ENABLE_DEBUG_INFO = INCLUDE_SOURCE;
				MTL_FAST_MATH = YES;
				ONLY_ACTIVE_ARCH = YES;
				SDKROOT = iphoneos;
				SWIFT_ACTIVE_COMPILATION_CONDITIONS = DEBUG;
				SWIFT_OPTIMIZATION_LEVEL = "-Onone";
			};
			name = Debug;
		};
		A1C0D894289ABB1A00DB7B34 /* Release */ = {
			isa = XCBuildConfiguration;
			buildSettings = {
				ALWAYS_SEARCH_USER_PATHS = NO;
				CLANG_ANALYZER_NONNULL = YES;
				CLANG_ANALYZER_NUMBER_OBJECT_CONVERSION = YES_AGGRESSIVE;
				CLANG_CXX_LANGUAGE_STANDARD = "gnu++17";
				CLANG_ENABLE_MODULES = YES;
				CLANG_ENABLE_OBJC_ARC = YES;
				CLANG_ENABLE_OBJC_WEAK = YES;
				CLANG_WARN_BLOCK_CAPTURE_AUTORELEASING = YES;
				CLANG_WARN_BOOL_CONVERSION = YES;
				CLANG_WARN_COMMA = YES;
				CLANG_WARN_CONSTANT_CONVERSION = YES;
				CLANG_WARN_DEPRECATED_OBJC_IMPLEMENTATIONS = YES;
				CLANG_WARN_DIRECT_OBJC_ISA_USAGE = YES_ERROR;
				CLANG_WARN_DOCUMENTATION_COMMENTS = YES;
				CLANG_WARN_EMPTY_BODY = YES;
				CLANG_WARN_ENUM_CONVERSION = YES;
				CLANG_WARN_INFINITE_RECURSION = YES;
				CLANG_WARN_INT_CONVERSION = YES;
				CLANG_WARN_NON_LITERAL_NULL_CONVERSION = YES;
				CLANG_WARN_OBJC_IMPLICIT_RETAIN_SELF = YES;
				CLANG_WARN_OBJC_LITERAL_CONVERSION = YES;
				CLANG_WARN_OBJC_ROOT_CLASS = YES_ERROR;
				CLANG_WARN_QUOTED_INCLUDE_IN_FRAMEWORK_HEADER = YES;
				CLANG_WARN_RANGE_LOOP_ANALYSIS = YES;
				CLANG_WARN_STRICT_PROTOTYPES = YES;
				CLANG_WARN_SUSPICIOUS_MOVE = YES;
				CLANG_WARN_UNGUARDED_AVAILABILITY = YES_AGGRESSIVE;
				CLANG_WARN_UNREACHABLE_CODE = YES;
				CLANG_WARN__DUPLICATE_METHOD_MATCH = YES;
				COPY_PHASE_STRIP = NO;
				DEBUG_INFORMATION_FORMAT = "dwarf-with-dsym";
				ENABLE_NS_ASSERTIONS = NO;
				ENABLE_STRICT_OBJC_MSGSEND = YES;
				GCC_C_LANGUAGE_STANDARD = gnu11;
				GCC_NO_COMMON_BLOCKS = YES;
				GCC_WARN_64_TO_32_BIT_CONVERSION = YES;
				GCC_WARN_ABOUT_RETURN_TYPE = YES_ERROR;
				GCC_WARN_UNDECLARED_SELECTOR = YES;
				GCC_WARN_UNINITIALIZED_AUTOS = YES_AGGRESSIVE;
				GCC_WARN_UNUSED_FUNCTION = YES;
				GCC_WARN_UNUSED_VARIABLE = YES;
				IPHONEOS_DEPLOYMENT_TARGET = 15.5;
				MTL_ENABLE_DEBUG_INFO = NO;
				MTL_FAST_MATH = YES;
				SDKROOT = iphoneos;
				SWIFT_COMPILATION_MODE = wholemodule;
				SWIFT_OPTIMIZATION_LEVEL = "-O";
				VALIDATE_PRODUCT = YES;
			};
			name = Release;
		};
		A1C0D896289ABB1A00DB7B34 /* Debug */ = {
			isa = XCBuildConfiguration;
			buildSettings = {
				ASSETCATALOG_COMPILER_APPICON_NAME = AppIcon;
				ASSETCATALOG_COMPILER_GLOBAL_ACCENT_COLOR_NAME = AccentColor;
				CODE_SIGN_STYLE = Automatic;
				CURRENT_PROJECT_VERSION = 1;
				DEVELOPMENT_ASSET_PATHS = "\"pokemon/Preview Content\"";
				DEVELOPMENT_TEAM = N69B9VACLZ;
				ENABLE_PREVIEWS = YES;
				GENERATE_INFOPLIST_FILE = YES;
				INFOPLIST_KEY_UIApplicationSceneManifest_Generation = YES;
				INFOPLIST_KEY_UIApplicationSupportsIndirectInputEvents = YES;
				INFOPLIST_KEY_UILaunchScreen_Generation = YES;
				INFOPLIST_KEY_UISupportedInterfaceOrientations_iPad = "UIInterfaceOrientationPortrait UIInterfaceOrientationPortraitUpsideDown UIInterfaceOrientationLandscapeLeft UIInterfaceOrientationLandscapeRight";
				INFOPLIST_KEY_UISupportedInterfaceOrientations_iPhone = "UIInterfaceOrientationPortrait UIInterfaceOrientationLandscapeLeft UIInterfaceOrientationLandscapeRight";
				LD_RUNPATH_SEARCH_PATHS = (
					"$(inherited)",
					"@executable_path/Frameworks",
				);
				MARKETING_VERSION = 1.0;
				PRODUCT_BUNDLE_IDENTIFIER = threesided.pokemon;
				PRODUCT_NAME = "$(TARGET_NAME)";
				SWIFT_EMIT_LOC_STRINGS = YES;
				SWIFT_VERSION = 5.0;
				TARGETED_DEVICE_FAMILY = "1,2";
			};
			name = Debug;
		};
		A1C0D897289ABB1A00DB7B34 /* Release */ = {
			isa = XCBuildConfiguration;
			buildSettings = {
				ASSETCATALOG_COMPILER_APPICON_NAME = AppIcon;
				ASSETCATALOG_COMPILER_GLOBAL_ACCENT_COLOR_NAME = AccentColor;
				CODE_SIGN_STYLE = Automatic;
				CURRENT_PROJECT_VERSION = 1;
				DEVELOPMENT_ASSET_PATHS = "\"pokemon/Preview Content\"";
				DEVELOPMENT_TEAM = N69B9VACLZ;
				ENABLE_PREVIEWS = YES;
				GENERATE_INFOPLIST_FILE = YES;
				INFOPLIST_KEY_UIApplicationSceneManifest_Generation = YES;
				INFOPLIST_KEY_UIApplicationSupportsIndirectInputEvents = YES;
				INFOPLIST_KEY_UILaunchScreen_Generation = YES;
				INFOPLIST_KEY_UISupportedInterfaceOrientations_iPad = "UIInterfaceOrientationPortrait UIInterfaceOrientationPortraitUpsideDown UIInterfaceOrientationLandscapeLeft UIInterfaceOrientationLandscapeRight";
				INFOPLIST_KEY_UISupportedInterfaceOrientations_iPhone = "UIInterfaceOrientationPortrait UIInterfaceOrientationLandscapeLeft UIInterfaceOrientationLandscapeRight";
				LD_RUNPATH_SEARCH_PATHS = (
					"$(inherited)",
					"@executable_path/Frameworks",
				);
				MARKETING_VERSION = 1.0;
				PRODUCT_BUNDLE_IDENTIFIER = threesided.pokemon;
				PRODUCT_NAME = "$(TARGET_NAME)";
				SWIFT_EMIT_LOC_STRINGS = YES;
				SWIFT_VERSION = 5.0;
				TARGETED_DEVICE_FAMILY = "1,2";
			};
			name = Release;
		};
		A1C0D899289ABB1A00DB7B34 /* Debug */ = {
			isa = XCBuildConfiguration;
			buildSettings = {
				ALWAYS_EMBED_SWIFT_STANDARD_LIBRARIES = YES;
				BUNDLE_LOADER = "$(TEST_HOST)";
				CODE_SIGN_STYLE = Automatic;
				CURRENT_PROJECT_VERSION = 1;
				DEVELOPMENT_TEAM = N69B9VACLZ;
				GENERATE_INFOPLIST_FILE = YES;
				IPHONEOS_DEPLOYMENT_TARGET = 15.5;
				MARKETING_VERSION = 1.0;
				PRODUCT_BUNDLE_IDENTIFIER = threesided.pokemonTests;
				PRODUCT_NAME = "$(TARGET_NAME)";
				SWIFT_EMIT_LOC_STRINGS = NO;
				SWIFT_VERSION = 5.0;
				TARGETED_DEVICE_FAMILY = "1,2";
				TEST_HOST = "$(BUILT_PRODUCTS_DIR)/pokemon.app/pokemon";
			};
			name = Debug;
		};
		A1C0D89A289ABB1A00DB7B34 /* Release */ = {
			isa = XCBuildConfiguration;
			buildSettings = {
				ALWAYS_EMBED_SWIFT_STANDARD_LIBRARIES = YES;
				BUNDLE_LOADER = "$(TEST_HOST)";
				CODE_SIGN_STYLE = Automatic;
				CURRENT_PROJECT_VERSION = 1;
				DEVELOPMENT_TEAM = N69B9VACLZ;
				GENERATE_INFOPLIST_FILE = YES;
				IPHONEOS_DEPLOYMENT_TARGET = 15.5;
				MARKETING_VERSION = 1.0;
				PRODUCT_BUNDLE_IDENTIFIER = threesided.pokemonTests;
				PRODUCT_NAME = "$(TARGET_NAME)";
				SWIFT_EMIT_LOC_STRINGS = NO;
				SWIFT_VERSION = 5.0;
				TARGETED_DEVICE_FAMILY = "1,2";
				TEST_HOST = "$(BUILT_PRODUCTS_DIR)/pokemon.app/pokemon";
			};
			name = Release;
		};
		A1C0D89C289ABB1A00DB7B34 /* Debug */ = {
			isa = XCBuildConfiguration;
			buildSettings = {
				ALWAYS_EMBED_SWIFT_STANDARD_LIBRARIES = YES;
				CODE_SIGN_STYLE = Automatic;
				CURRENT_PROJECT_VERSION = 1;
				DEVELOPMENT_TEAM = N69B9VACLZ;
				GENERATE_INFOPLIST_FILE = YES;
				MARKETING_VERSION = 1.0;
				PRODUCT_BUNDLE_IDENTIFIER = threesided.pokemonUITests;
				PRODUCT_NAME = "$(TARGET_NAME)";
				SWIFT_EMIT_LOC_STRINGS = NO;
				SWIFT_VERSION = 5.0;
				TARGETED_DEVICE_FAMILY = "1,2";
				TEST_TARGET_NAME = pokemon;
			};
			name = Debug;
		};
		A1C0D89D289ABB1A00DB7B34 /* Release */ = {
			isa = XCBuildConfiguration;
			buildSettings = {
				ALWAYS_EMBED_SWIFT_STANDARD_LIBRARIES = YES;
				CODE_SIGN_STYLE = Automatic;
				CURRENT_PROJECT_VERSION = 1;
				DEVELOPMENT_TEAM = N69B9VACLZ;
				GENERATE_INFOPLIST_FILE = YES;
				MARKETING_VERSION = 1.0;
				PRODUCT_BUNDLE_IDENTIFIER = threesided.pokemonUITests;
				PRODUCT_NAME = "$(TARGET_NAME)";
				SWIFT_EMIT_LOC_STRINGS = NO;
				SWIFT_VERSION = 5.0;
				TARGETED_DEVICE_FAMILY = "1,2";
				TEST_TARGET_NAME = pokemon;
			};
			name = Release;
		};
/* End XCBuildConfiguration section */

/* Begin XCConfigurationList section */
		A1C0D86C289ABB1700DB7B34 /* Build configuration list for PBXProject "pokemon" */ = {
			isa = XCConfigurationList;
			buildConfigurations = (
				A1C0D893289ABB1A00DB7B34 /* Debug */,
				A1C0D894289ABB1A00DB7B34 /* Release */,
			);
			defaultConfigurationIsVisible = 0;
			defaultConfigurationName = Release;
		};
		A1C0D895289ABB1A00DB7B34 /* Build configuration list for PBXNativeTarget "pokemon" */ = {
			isa = XCConfigurationList;
			buildConfigurations = (
				A1C0D896289ABB1A00DB7B34 /* Debug */,
				A1C0D897289ABB1A00DB7B34 /* Release */,
			);
			defaultConfigurationIsVisible = 0;
			defaultConfigurationName = Release;
		};
		A1C0D898289ABB1A00DB7B34 /* Build configuration list for PBXNativeTarget "pokemonTests" */ = {
			isa = XCConfigurationList;
			buildConfigurations = (
				A1C0D899289ABB1A00DB7B34 /* Debug */,
				A1C0D89A289ABB1A00DB7B34 /* Release */,
			);
			defaultConfigurationIsVisible = 0;
			defaultConfigurationName = Release;
		};
		A1C0D89B289ABB1A00DB7B34 /* Build configuration list for PBXNativeTarget "pokemonUITests" */ = {
			isa = XCConfigurationList;
			buildConfigurations = (
				A1C0D89C289ABB1A00DB7B34 /* Debug */,
				A1C0D89D289ABB1A00DB7B34 /* Release */,
			);
			defaultConfigurationIsVisible = 0;
			defaultConfigurationName = Release;
		};
/* End XCConfigurationList section */
	};
	rootObject = A1C0D869289ABB1700DB7B34 /* Project object */;
}
